
Microsoft Visual Studio Solution File, Format Version 12.00
# Visual Studio Version 17
VisualStudioVersion = 17.1.32421.90
MinimumVisualStudioVersion = 10.0.40219.1
Project("{FAE04EC0-301F-11D3-BF4B-00C04F79EFBC}") = "EscrituraByte", "EscrituraByte\EscrituraByte.csproj", "{9041BAC2-55D6-45BE-97A9-F426AE746484}"
EndProject
Global
	GlobalSection(SolutionConfigurationPlatforms) = preSolution
		Debug|Any CPU = Debug|Any CPU
		Release|Any CPU = Release|Any CPU
	EndGlobalSection
	GlobalSection(ProjectConfigurationPlatforms) = postSolution
		{9041BAC2-55D6-45BE-97A9-F426AE746484}.Debug|Any CPU.ActiveCfg = Debug|Any CPU
		{9041BAC2-55D6-45BE-97A9-F426AE746484}.Debug|Any CPU.Build.0 = Debug|Any CPU
		{9041BAC2-55D6-45BE-97A9-F426AE746484}.Release|Any CPU.ActiveCfg = Release|Any CPU
		{9041BAC2-55D6-45BE-97A9-F426AE746484}.Release|Any CPU.Build.0 = Release|Any CPU
	EndGlobalSection
	GlobalSection(SolutionProperties) = preSolution
		HideSolutionNode = FALSE
	EndGlobalSection
	GlobalSection(ExtensibilityGlobals) = postSolution
		SolutionGuid = {958CDB54-9B52-4E30-BE7C-DC89CC0BE194}
	EndGlobalSection
EndGlobal
